
Microsoft Visual Studio Solution File, Format Version 12.00
# Visual Studio 15
Project("{FAE04EC0-301F-11D3-BF4B-00C04F79EFBC}") = "Flogging.Core", "Flogging.Core\Flogging.Core.csproj", "{F8AFDA67-B985-42A7-ADDA-7E412972B828}"
EndProject
Project("{FAE04EC0-301F-11D3-BF4B-00C04F79EFBC}") = "Flogging.Console", "Flogging.Console\Flogging.Console.csproj", "{1F6FCA01-0373-464F-83C9-18683EA3C133}"
EndProject
Global
	GlobalSection(SolutionConfigurationPlatforms) = preSolution
		Debug|Any CPU = Debug|Any CPU
		Release|Any CPU = Release|Any CPU
	EndGlobalSection
	GlobalSection(ProjectConfigurationPlatforms) = postSolution
		{F8AFDA67-B985-42A7-ADDA-7E412972B828}.Debug|Any CPU.ActiveCfg = Debug|Any CPU
		{F8AFDA67-B985-42A7-ADDA-7E412972B828}.Debug|Any CPU.Build.0 = Debug|Any CPU
		{F8AFDA67-B985-42A7-ADDA-7E412972B828}.Release|Any CPU.ActiveCfg = Release|Any CPU
		{F8AFDA67-B985-42A7-ADDA-7E412972B828}.Release|Any CPU.Build.0 = Release|Any CPU
		{1F6FCA01-0373-464F-83C9-18683EA3C133}.Debug|Any CPU.ActiveCfg = Debug|Any CPU
		{1F6FCA01-0373-464F-83C9-18683EA3C133}.Debug|Any CPU.Build.0 = Debug|Any CPU
		{1F6FCA01-0373-464F-83C9-18683EA3C133}.Release|Any CPU.ActiveCfg = Release|Any CPU
		{1F6FCA01-0373-464F-83C9-18683EA3C133}.Release|Any CPU.Build.0 = Release|Any CPU
	EndGlobalSection
EndGlobal
